
Microsoft Visual Studio Solution File, Format Version 12.00
# Visual Studio Version 17
VisualStudioVersion = 17.11.35312.102
MinimumVisualStudioVersion = 10.0.40219.1
Project("{8BC9CEB8-8B4A-11D0-8D11-00A0C91BC942}") = "zad6", "zad6.vcxproj", "{71657598-A5BB-4968-9916-08A2ABF0DC38}"
EndProject
Global
	GlobalSection(SolutionConfigurationPlatforms) = preSolution
		Debug|x64 = Debug|x64
		Debug|x86 = Debug|x86
		Release|x64 = Release|x64
		Release|x86 = Release|x86
	EndGlobalSection
	GlobalSection(ProjectConfigurationPlatforms) = postSolution
		{71657598-A5BB-4968-9916-08A2ABF0DC38}.Debug|x64.ActiveCfg = Debug|x64
		{71657598-A5BB-4968-9916-08A2ABF0DC38}.Debug|x64.Build.0 = Debug|x64
		{71657598-A5BB-4968-9916-08A2ABF0DC38}.Debug|x86.ActiveCfg = Debug|Win32
		{71657598-A5BB-4968-9916-08A2ABF0DC38}.Debug|x86.Build.0 = Debug|Win32
		{71657598-A5BB-4968-9916-08A2ABF0DC38}.Release|x64.ActiveCfg = Release|x64
		{71657598-A5BB-4968-9916-08A2ABF0DC38}.Release|x64.Build.0 = Release|x64
		{71657598-A5BB-4968-9916-08A2ABF0DC38}.Release|x86.ActiveCfg = Release|Win32
		{71657598-A5BB-4968-9916-08A2ABF0DC38}.Release|x86.Build.0 = Release|Win32
	EndGlobalSection
	GlobalSection(SolutionProperties) = preSolution
		HideSolutionNode = FALSE
	EndGlobalSection
	GlobalSection(ExtensibilityGlobals) = postSolution
		SolutionGuid = {9248D7A0-9C0A-4C72-AE2A-0E265575DF30}
	EndGlobalSection
EndGlobal
